memo = "40953baeac6e68517c641d72d3d4f331b4b6dd55610314fb04611b967134868a"

[[projects]]
  name = "bitbucket.org/tebeka/strftime"
  packages = ["."]
  revision = "af5e0ef38369dfb5819b56d27d593142841e4600"
  version = "0.1.2"

[[projects]]
  branch = "master"
  name = "github.com/JaderDias/movingmedian"
  packages = ["."]
  revision = "12339a7f3e62ee09ab07cd1b26cd35b36f5efa56"

[[projects]]
  branch = "master"
  name = "github.com/aclements/go-moremath"
  packages = ["mathx"]
  revision = "033754ab1fee508c9f98f2785eec2365964e0b05"

[[projects]]
  branch = "master"
  name = "github.com/cznic/cc"
  packages = ["."]
  revision = "2c4bf87eb2590a8f395f0c51ec74d2bc7fc843be"

[[projects]]
  branch = "master"
  name = "github.com/cznic/ccir"
  packages = [".","libc/errno","libc/fcntl","libc/pthread","libc/stdio","libc/unistd"]
  revision = "7f54e4b51d3f3955307fc046efb690d4fbb88f12"

[[projects]]
  branch = "master"
  name = "github.com/cznic/golex"
  packages = ["lex"]
  revision = "d7f6f2b7a35fa282b3d64161aefe00efb3d56d14"

[[projects]]
  branch = "master"
  name = "github.com/cznic/internal"
  packages = ["buffer","slice"]
  revision = "e5e1c3e9165d0a72507c2bbb0ffac1c02b8d3f7c"

[[projects]]
  branch = "master"
  name = "github.com/cznic/ir"
  packages = ["."]
  revision = "7e891126d6f92edac356fb19740cbe48a4b2a8ea"

[[projects]]
  branch = "master"
  name = "github.com/cznic/mathutil"
  packages = ["."]
  revision = "1447ad269d64ca91aa8d7079baa40b6fc8b965e7"

[[projects]]
  branch = "master"
  name = "github.com/cznic/sqlite"
  packages = [".","internal/bin"]
  revision = "37aeabae04ba101d231f266cf1457fb56f301718"

[[projects]]
  branch = "master"
  name = "github.com/cznic/strutil"
  packages = ["."]
  revision = "43a89592ed56c227c7fdb1fcaf7d1d08be02ec54"

[[projects]]
  branch = "master"
  name = "github.com/cznic/virtual"
  packages = ["."]
  revision = "0486256b3e75c12ba21ef52b7cc66eb5749e22a9"

[[projects]]
  branch = "master"
  name = "github.com/cznic/xc"
  packages = ["."]
  revision = "056465bb2be50ec239d754187e1cccbe1b940aa6"

[[projects]]
  name = "github.com/dgrijalva/jwt-go"
  packages = ["."]
  revision = "d2709f9f1f31ebcda9651b03077758c1f3a0018c"
  version = "v3.0.0"

[[projects]]
  branch = "master"
  name = "github.com/dgryski/go-onlinestats"
  packages = ["."]
  revision = "d946c32cf9106cf6c41a7a519cbf3a6601cc4188"

[[projects]]
  branch = "master"
  name = "github.com/dustin/go-humanize"
  packages = ["."]
  revision = "259d2a102b871d17f30e3cd9881a642961a1e486"

[[projects]]
  branch = "master"
  name = "github.com/edsrzf/mmap-go"
  packages = ["."]
  revision = "0bce6a6887123b67a60366d2c9fe2dfb74289d2e"

[[projects]]
  branch = "master"
  name = "github.com/evmar/gocairo"
  packages = ["cairo"]
  revision = "ddd30f837497f6fcfe5e3c3665b97d7c17d381fe"

[[projects]]
  branch = "master"
  name = "github.com/go-graphite/carbonapi/expr"
  packages = ["expr"]
  revision = "aa9a8a654a2c8db6add1c18fb74b320a9cd18f73"

[[projects]]
  branch = "refactor"
  name = "github.com/go-graphite/carbonzipper"
  packages = ["carbonzipperpb3"]
  revision = "6896129010f8722703895e802755a6ef0fd76a07"

[[projects]]
  name = "github.com/go-sql-driver/mysql"
  packages = ["."]
  revision = "a0583e0143b1624142adab07e0e97fe106d99561"
  version = "v1.3"

[[projects]]
  branch = "master"
  name = "github.com/gogo/protobuf"
  packages = ["proto"]
  revision = "30433562cfbf487fe1df7cd26c7bab168d2f14d0"

[[projects]]
  branch = "master"
  name = "github.com/gonum/blas"
  packages = [".","blas64","native","native/internal/math32"]
  revision = "430a98d0f42f5d7b9a9535580771233386034848"

[[projects]]
  branch = "master"
  name = "github.com/gonum/floats"
  packages = ["."]
  revision = "a2cbc5c70616cd18491ef2843231f6ce28b2cb02"

[[projects]]
  branch = "master"
  name = "github.com/gonum/internal"
  packages = ["asm/f32","asm/f64"]
  revision = "abbe1115275b8ef5f1c4b73e2360c9e8177edcb2"

[[projects]]
  branch = "master"
  name = "github.com/gonum/lapack"
  packages = [".","lapack64","native"]
  revision = "b2c45d0a904f3d18ef419fd1c65c22f3749046fe"

[[projects]]
  branch = "master"
  name = "github.com/gonum/matrix"
  packages = [".","mat64"]
  revision = "496fef53954ba166f5dbc5bbbf90b433c130cfb1"

[[projects]]
  branch = "master"
  name = "github.com/kisielk/og-rek"
  packages = ["."]
  revision = "dd41cde712deb8c2105c111f1e549f1d93095127"

[[projects]]
  name = "github.com/labstack/echo"
  packages = [".","middleware"]
  revision = "1049c9613cd371b7ea8f219404c9a821734781ed"
  version = "v3.1.0"

[[projects]]
  name = "github.com/labstack/gommon"
  packages = ["bytes","color","log","random"]
  revision = "1121fd3e243c202482226a7afe4dcd07ffc4139a"
  version = "v0.2.1"

[[projects]]
  branch = "master"
  name = "github.com/lib/pq"
  packages = [".","oid"]
  revision = "2704adc878c21e1329f46f6e56a1c387d788ff94"

[[projects]]
  name = "github.com/mattn/go-colorable"
  packages = ["."]
  revision = "d228849504861217f796da67fae4f6e347643f15"
  version = "v0.0.7"

[[projects]]
  name = "github.com/mattn/go-isatty"
  packages = ["."]
  revision = "fc9e8d8ef48496124e79ae0df75490096eccf6fe"
  version = "v0.0.2"

[[projects]]
  branch = "master"
  name = "github.com/mjibson/go-dsp"
  packages = ["dsputils","fft"]
  revision = "49dba83727078f13a0e99553e0f8140990115ac9"

[[projects]]
  branch = "master"
  name = "github.com/valyala/bytebufferpool"
  packages = ["."]
  revision = "e746df99fe4a3986f4d4f79e13c1e0117ce9c2f7"

[[projects]]
  branch = "master"
  name = "github.com/valyala/fasttemplate"
  packages = ["."]
  revision = "dcecefd839c4193db0d35b88ec65b4c12d360ab0"

[[projects]]
  branch = "master"
  name = "github.com/wangjohn/quickselect"
  packages = ["."]
  revision = "ed8402a42d5f52ff8d3369f179e12243906f298a"

[[projects]]
  branch = "master"
  name = "golang.org/x/crypto"
  packages = ["acme","acme/autocert"]
  revision = "122d919ec1efcfb58483215da23f815853e24b81"

[[projects]]
  branch = "master"
  name = "golang.org/x/net"
  packages = ["context"]
  revision = "d212a1ef2de2f5d441c327b8f26cf3ea3ea9f265"

[[projects]]
  branch = "master"
  name = "golang.org/x/sys"
  packages = ["unix"]
  revision = "9ccfe848b9db8435a24c424abbc07a921adf1df5"

[[projects]]
  branch = "v2"
  name = "gopkg.in/yaml.v2"
  packages = ["."]
  revision = "cd8b52f8269e0feb286dfeef29f8fe4d5b397e0b"
