memo = "5eadc50dc9e07b8f93c28218bb3178494eda9c61af682c032996b46514f5674d"

[[projects]]
  branch = "master"
  name = "github.com/cznic/cc"
  packages = ["."]
  revision = "2c4bf87eb2590a8f395f0c51ec74d2bc7fc843be"

[[projects]]
  branch = "master"
  name = "github.com/cznic/ccir"
  packages = [".","libc/errno","libc/fcntl","libc/pthread","libc/stdio","libc/unistd"]
  revision = "7f54e4b51d3f3955307fc046efb690d4fbb88f12"

[[projects]]
  branch = "master"
  name = "github.com/cznic/golex"
  packages = ["lex"]
  revision = "d7f6f2b7a35fa282b3d64161aefe00efb3d56d14"

[[projects]]
  branch = "master"
  name = "github.com/cznic/internal"
  packages = ["buffer","slice"]
  revision = "e5e1c3e9165d0a72507c2bbb0ffac1c02b8d3f7c"

[[projects]]
  branch = "master"
  name = "github.com/cznic/ir"
  packages = ["."]
  revision = "7e891126d6f92edac356fb19740cbe48a4b2a8ea"

[[projects]]
  branch = "master"
  name = "github.com/cznic/mathutil"
  packages = ["."]
  revision = "1447ad269d64ca91aa8d7079baa40b6fc8b965e7"

[[projects]]
  branch = "master"
  name = "github.com/cznic/sqlite"
  packages = [".","internal/bin"]
  revision = "37aeabae04ba101d231f266cf1457fb56f301718"

[[projects]]
  branch = "master"
  name = "github.com/cznic/strutil"
  packages = ["."]
  revision = "43a89592ed56c227c7fdb1fcaf7d1d08be02ec54"

[[projects]]
  branch = "master"
  name = "github.com/cznic/virtual"
  packages = ["."]
  revision = "0486256b3e75c12ba21ef52b7cc66eb5749e22a9"

[[projects]]
  branch = "master"
  name = "github.com/cznic/xc"
  packages = ["."]
  revision = "056465bb2be50ec239d754187e1cccbe1b940aa6"

[[projects]]
  name = "github.com/dgrijalva/jwt-go"
  packages = ["."]
  revision = "d2709f9f1f31ebcda9651b03077758c1f3a0018c"
  version = "v3.0.0"

[[projects]]
  branch = "master"
  name = "github.com/edsrzf/mmap-go"
  packages = ["."]
  revision = "0bce6a6887123b67a60366d2c9fe2dfb74289d2e"

[[projects]]
  name = "github.com/go-sql-driver/mysql"
  packages = ["."]
  revision = "a0583e0143b1624142adab07e0e97fe106d99561"
  version = "v1.3"

[[projects]]
  name = "github.com/labstack/echo"
  packages = [".","middleware"]
  revision = "1049c9613cd371b7ea8f219404c9a821734781ed"
  version = "v3.1.0"

[[projects]]
  name = "github.com/labstack/gommon"
  packages = ["bytes","color","log","random"]
  revision = "1121fd3e243c202482226a7afe4dcd07ffc4139a"
  version = "v0.2.1"

[[projects]]
  branch = "master"
  name = "github.com/lib/pq"
  packages = [".","oid"]
  revision = "2704adc878c21e1329f46f6e56a1c387d788ff94"

[[projects]]
  name = "github.com/mattn/go-colorable"
  packages = ["."]
  revision = "d228849504861217f796da67fae4f6e347643f15"
  version = "v0.0.7"

[[projects]]
  name = "github.com/mattn/go-isatty"
  packages = ["."]
  revision = "fc9e8d8ef48496124e79ae0df75490096eccf6fe"
  version = "v0.0.2"

[[projects]]
  branch = "master"
  name = "github.com/valyala/bytebufferpool"
  packages = ["."]
  revision = "e746df99fe4a3986f4d4f79e13c1e0117ce9c2f7"

[[projects]]
  branch = "master"
  name = "github.com/valyala/fasttemplate"
  packages = ["."]
  revision = "dcecefd839c4193db0d35b88ec65b4c12d360ab0"

[[projects]]
  branch = "master"
  name = "golang.org/x/crypto"
  packages = ["acme","acme/autocert"]
  revision = "122d919ec1efcfb58483215da23f815853e24b81"

[[projects]]
  branch = "master"
  name = "golang.org/x/net"
  packages = ["context"]
  revision = "d212a1ef2de2f5d441c327b8f26cf3ea3ea9f265"

[[projects]]
  branch = "master"
  name = "golang.org/x/sys"
  packages = ["unix"]
  revision = "9ccfe848b9db8435a24c424abbc07a921adf1df5"

[[projects]]
  branch = "v2"
  name = "gopkg.in/yaml.v2"
  packages = ["."]
  revision = "cd8b52f8269e0feb286dfeef29f8fe4d5b397e0b"
